# THIS IS AN AUTOGENERATED FILE. DO NOT EDIT THIS FILE DIRECTLY.
# yarn lockfile v1


"@types/node@*":
  version "11.13.2"
  resolved "https://registry.yarnpkg.com/@types/node/-/node-11.13.2.tgz#dc85dde46aa8740bb4aed54b8104250f8f849503"

arangojs@6.10.0:
  version "6.10.0"
  resolved "https://registry.yarnpkg.com/arangojs/-/arangojs-6.10.0.tgz#343484b64a3eb115fb5e57ea2f099923e8e504ab"
  dependencies:
    "@types/node" "*"
    es6-error "^4.0.1"
    linkedlist "^1.0.1"
    multi-part "^2.0.0"
    xhr "^2.4.1"

async@^2.6.1:
  version "2.6.2"
  resolved "https://registry.yarnpkg.com/async/-/async-2.6.2.tgz#18330ea7e6e313887f5d2f2a904bac6fe4dd5381"
  dependencies:
    lodash "^4.17.11"

color-convert@^1.9.1:
  version "1.9.3"
  resolved "https://registry.yarnpkg.com/color-convert/-/color-convert-1.9.3.tgz#bb71850690e1f136567de629d2d5471deda4c1e8"
  dependencies:
    color-name "1.1.3"

color-name@1.1.3:
  version "1.1.3"
  resolved "https://registry.yarnpkg.com/color-name/-/color-name-1.1.3.tgz#a7d0558bd89c42f795dd42328f740831ca53bc25"

color-name@^1.0.0:
  version "1.1.4"
  resolved "https://registry.yarnpkg.com/color-name/-/color-name-1.1.4.tgz#c2a09a87acbde69543de6f63fa3995c826c536a2"

color-string@^1.5.2:
  version "1.5.3"
  resolved "https://registry.yarnpkg.com/color-string/-/color-string-1.5.3.tgz#c9bbc5f01b58b5492f3d6857459cb6590ce204cc"
  dependencies:
    color-name "^1.0.0"
    simple-swizzle "^0.2.2"

color@3.0.x:
  version "3.0.0"
  resolved "https://registry.yarnpkg.com/color/-/color-3.0.0.tgz#d920b4328d534a3ac8295d68f7bd4ba6c427be9a"
  dependencies:
    color-convert "^1.9.1"
    color-string "^1.5.2"

colornames@^1.1.1:
  version "1.1.1"
  resolved "https://registry.yarnpkg.com/colornames/-/colornames-1.1.1.tgz#f8889030685c7c4ff9e2a559f5077eb76a816f96"

colors@1.3.2:
  version "1.3.2"
  resolved "https://registry.yarnpkg.com/colors/-/colors-1.3.2.tgz#2df8ff573dfbf255af562f8ce7181d6b971a359b"

colors@1.3.3, colors@^1.2.1:
  version "1.3.3"
  resolved "https://registry.yarnpkg.com/colors/-/colors-1.3.3.tgz#39e005d546afe01e01f9c4ca8fa50f686a01205d"

colorspace@1.1.x:
  version "1.1.1"
  resolved "https://registry.yarnpkg.com/colorspace/-/colorspace-1.1.1.tgz#9ac2491e1bc6f8fb690e2176814f8d091636d972"
  dependencies:
    color "3.0.x"
    text-hex "1.0.x"

core-util-is@~1.0.0:
  version "1.0.2"
  resolved "https://registry.yarnpkg.com/core-util-is/-/core-util-is-1.0.2.tgz#b5fd54220aa2bc5ab57aab7140c940754503c1a7"

define-properties@^1.1.2:
  version "1.1.3"
  resolved "https://registry.yarnpkg.com/define-properties/-/define-properties-1.1.3.tgz#cf88da6cbee26fe6db7094f61d870cbd84cee9f1"
  dependencies:
    object-keys "^1.0.12"

diagnostics@^1.1.1:
  version "1.1.1"
  resolved "https://registry.yarnpkg.com/diagnostics/-/diagnostics-1.1.1.tgz#cab6ac33df70c9d9a727490ae43ac995a769b22a"
  dependencies:
    colorspace "1.1.x"
    enabled "1.0.x"
    kuler "1.0.x"

dom-walk@^0.1.0:
  version "0.1.1"
  resolved "https://registry.yarnpkg.com/dom-walk/-/dom-walk-0.1.1.tgz#672226dc74c8f799ad35307df936aba11acd6018"

dotenv@6.2.0:
  version "6.2.0"
  resolved "https://registry.yarnpkg.com/dotenv/-/dotenv-6.2.0.tgz#941c0410535d942c8becf28d3f357dbd9d476064"

enabled@1.0.x:
  version "1.0.2"
  resolved "https://registry.yarnpkg.com/enabled/-/enabled-1.0.2.tgz#965f6513d2c2d1c5f4652b64a2e3396467fc2f93"
  dependencies:
    env-variable "0.0.x"

env-variable@0.0.x:
  version "0.0.5"
  resolved "https://registry.yarnpkg.com/env-variable/-/env-variable-0.0.5.tgz#913dd830bef11e96a039c038d4130604eba37f88"

es-abstract@^1.5.0:
  version "1.13.0"
  resolved "https://registry.yarnpkg.com/es-abstract/-/es-abstract-1.13.0.tgz#ac86145fdd5099d8dd49558ccba2eaf9b88e24e9"
  dependencies:
    es-to-primitive "^1.2.0"
    function-bind "^1.1.1"
    has "^1.0.3"
    is-callable "^1.1.4"
    is-regex "^1.0.4"
    object-keys "^1.0.12"

es-to-primitive@^1.2.0:
  version "1.2.0"
  resolved "https://registry.yarnpkg.com/es-to-primitive/-/es-to-primitive-1.2.0.tgz#edf72478033456e8dda8ef09e00ad9650707f377"
  dependencies:
    is-callable "^1.1.4"
    is-date-object "^1.0.1"
    is-symbol "^1.0.2"

es6-error@^4.0.1:
  version "4.1.1"
  resolved "https://registry.yarnpkg.com/es6-error/-/es6-error-4.1.1.tgz#9e3af407459deed47e9a91f9b885a84eb05c561d"

fast-safe-stringify@^2.0.4:
  version "2.0.6"
  resolved "https://registry.yarnpkg.com/fast-safe-stringify/-/fast-safe-stringify-2.0.6.tgz#04b26106cc56681f51a044cfc0d76cf0008ac2c2"

fecha@^2.3.3:
  version "2.3.3"
  resolved "https://registry.yarnpkg.com/fecha/-/fecha-2.3.3.tgz#948e74157df1a32fd1b12c3a3c3cdcb6ec9d96cd"

file-type@^4.3.0:
  version "4.4.0"
  resolved "https://registry.yarnpkg.com/file-type/-/file-type-4.4.0.tgz#1b600e5fca1fbdc6e80c0a70c71c8dba5f7906c5"

for-each@^0.3.3:
  version "0.3.3"
  resolved "https://registry.yarnpkg.com/for-each/-/for-each-0.3.3.tgz#69b447e88a0a5d32c3e7084f3f1710034b21376e"
  dependencies:
    is-callable "^1.1.3"

function-bind@^1.0.2, function-bind@^1.1.1:
  version "1.1.1"
  resolved "https://registry.yarnpkg.com/function-bind/-/function-bind-1.1.1.tgz#a56899d3ea3c9bab874bb9773b7c5ede92f4895d"

global@~4.3.0:
  version "4.3.2"
  resolved "https://registry.yarnpkg.com/global/-/global-4.3.2.tgz#e76989268a6c74c38908b1305b10fc0e394e9d0f"
  dependencies:
    min-document "^2.19.0"
    process "~0.5.1"

has-symbols@^1.0.0:
  version "1.0.0"
  resolved "https://registry.yarnpkg.com/has-symbols/-/has-symbols-1.0.0.tgz#ba1a8f1af2a0fc39650f5c850367704122063b44"

has@^1.0.1, has@^1.0.3:
  version "1.0.3"
  resolved "https://registry.yarnpkg.com/has/-/has-1.0.3.tgz#722d7cbfc1f6aa8241f16dd814e011e1f41e8796"
  dependencies:
    function-bind "^1.1.1"

hoek@6.x.x:
  version "6.1.3"
  resolved "https://registry.yarnpkg.com/hoek/-/hoek-6.1.3.tgz#73b7d33952e01fe27a38b0457294b79dd8da242c"

inherits@^2.0.3, inherits@~2.0.3:
  version "2.0.3"
  resolved "https://registry.yarnpkg.com/inherits/-/inherits-2.0.3.tgz#633c2c83e3da42a502f52466022480f4208261de"

is-arrayish@^0.3.1:
  version "0.3.2"
  resolved "https://registry.yarnpkg.com/is-arrayish/-/is-arrayish-0.3.2.tgz#4574a2ae56f7ab206896fb431eaeed066fdf8f03"

is-callable@^1.1.3, is-callable@^1.1.4:
  version "1.1.4"
  resolved "https://registry.yarnpkg.com/is-callable/-/is-callable-1.1.4.tgz#1e1adf219e1eeb684d691f9d6a05ff0d30a24d75"

is-date-object@^1.0.1:
  version "1.0.1"
  resolved "https://registry.yarnpkg.com/is-date-object/-/is-date-object-1.0.1.tgz#9aa20eb6aeebbff77fbd33e74ca01b33581d3a16"

is-function@^1.0.1:
  version "1.0.1"
  resolved "https://registry.yarnpkg.com/is-function/-/is-function-1.0.1.tgz#12cfb98b65b57dd3d193a3121f5f6e2f437602b5"

is-regex@^1.0.4:
  version "1.0.4"
  resolved "https://registry.yarnpkg.com/is-regex/-/is-regex-1.0.4.tgz#5517489b547091b0930e095654ced25ee97e9491"
  dependencies:
    has "^1.0.1"

is-stream@^1.1.0:
  version "1.1.0"
  resolved "https://registry.yarnpkg.com/is-stream/-/is-stream-1.1.0.tgz#12d4a3dd4e68e0b79ceb8dbc84173ae80d91ca44"

is-symbol@^1.0.2:
  version "1.0.2"
  resolved "https://registry.yarnpkg.com/is-symbol/-/is-symbol-1.0.2.tgz#a055f6ae57192caee329e7a860118b497a950f38"
  dependencies:
    has-symbols "^1.0.0"

isarray@~1.0.0:
  version "1.0.0"
  resolved "https://registry.yarnpkg.com/isarray/-/isarray-1.0.0.tgz#bb935d48582cba168c06834957a54a3e07124f11"

isemail@3.x.x:
  version "3.2.0"
  resolved "https://registry.yarnpkg.com/isemail/-/isemail-3.2.0.tgz#59310a021931a9fb06bbb51e155ce0b3f236832c"
  dependencies:
    punycode "2.x.x"

joi@14.0.6:
  version "14.0.6"
  resolved "https://registry.yarnpkg.com/joi/-/joi-14.0.6.tgz#8c72314af6dba13ca48028a4f0af992ddc5a7472"
  dependencies:
    hoek "6.x.x"
    isemail "3.x.x"
    topo "3.x.x"

kuler@1.0.x:
  version "1.0.1"
  resolved "https://registry.yarnpkg.com/kuler/-/kuler-1.0.1.tgz#ef7c784f36c9fb6e16dd3150d152677b2b0228a6"
  dependencies:
    colornames "^1.1.1"

linkedlist@^1.0.1:
  version "1.0.1"
  resolved "https://registry.yarnpkg.com/linkedlist/-/linkedlist-1.0.1.tgz#7b74189bfad6e76367fb5a10f3c36913128b782b"

lodash@4.17.11, lodash@^4.17.11:
  version "4.17.11"
  resolved "https://registry.yarnpkg.com/lodash/-/lodash-4.17.11.tgz#b39ea6229ef607ecd89e2c8df12536891cac9b8d"

logform@^2.1.1:
  version "2.1.2"
  resolved "https://registry.yarnpkg.com/logform/-/logform-2.1.2.tgz#957155ebeb67a13164069825ce67ddb5bb2dd360"
  dependencies:
    colors "^1.2.1"
    fast-safe-stringify "^2.0.4"
    fecha "^2.3.3"
    ms "^2.1.1"
    triple-beam "^1.3.0"

mime-db@~1.38.0:
  version "1.38.0"
  resolved "https://registry.yarnpkg.com/mime-db/-/mime-db-1.38.0.tgz#1a2aab16da9eb167b49c6e4df2d9c68d63d8e2ad"

mime-kind@^2.0.1:
  version "2.0.2"
  resolved "https://registry.yarnpkg.com/mime-kind/-/mime-kind-2.0.2.tgz#5a43d5bebdeb082182224d9d263206329e57cdf8"
  dependencies:
    file-type "^4.3.0"
    mime-types "^2.1.15"

mime-types@^2.1.15:
  version "2.1.22"
  resolved "https://registry.yarnpkg.com/mime-types/-/mime-types-2.1.22.tgz#fe6b355a190926ab7698c9a0556a11199b2199bd"
  dependencies:
    mime-db "~1.38.0"

min-document@^2.19.0:
  version "2.19.0"
  resolved "https://registry.yarnpkg.com/min-document/-/min-document-2.19.0.tgz#7bd282e3f5842ed295bb748cdd9f1ffa2c824685"
  dependencies:
    dom-walk "^0.1.0"

ms@^2.1.1:
  version "2.1.1"
  resolved "https://registry.yarnpkg.com/ms/-/ms-2.1.1.tgz#30a5864eb3ebb0a66f2ebe6d727af06a09d86e0a"

multi-part@^2.0.0:
  version "2.0.0"
  resolved "https://registry.yarnpkg.com/multi-part/-/multi-part-2.0.0.tgz#674f53b432f850cf8cc02d30d21f2064e309563c"
  dependencies:
    mime-kind "^2.0.1"

object-keys@^1.0.12:
  version "1.1.1"
  resolved "https://registry.yarnpkg.com/object-keys/-/object-keys-1.1.1.tgz#1c47f272df277f3b1daf061677d9c82e2322c60e"

one-time@0.0.4:
  version "0.0.4"
  resolved "https://registry.yarnpkg.com/one-time/-/one-time-0.0.4.tgz#f8cdf77884826fe4dff93e3a9cc37b1e4480742e"

orango@^1.0.0-alpha-2.5:
  version "1.0.0-alpha-2.5"
  resolved "https://registry.yarnpkg.com/orango/-/orango-1.0.0-alpha-2.5.tgz#efde505882351feb2660b6c73f84213554c8dd56"
  dependencies:
    arangojs "6.10.0"
    colors "1.3.3"
    dotenv "6.2.0"
    pluralize "^7.0.0"
    tangjs "^0.3.1"
    uniqid "^5.0.3"
    winston "^3.1.0"

parse-headers@^2.0.0:
  version "2.0.2"
  resolved "https://registry.yarnpkg.com/parse-headers/-/parse-headers-2.0.2.tgz#9545e8a4c1ae5eaea7d24992bca890281ed26e34"
  dependencies:
    for-each "^0.3.3"
    string.prototype.trim "^1.1.2"

pluralize@^7.0.0:
  version "7.0.0"
  resolved "https://registry.yarnpkg.com/pluralize/-/pluralize-7.0.0.tgz#298b89df8b93b0221dbf421ad2b1b1ea23fc6777"

process-nextick-args@~2.0.0:
  version "2.0.0"
  resolved "https://registry.yarnpkg.com/process-nextick-args/-/process-nextick-args-2.0.0.tgz#a37d732f4271b4ab1ad070d35508e8290788ffaa"

process@~0.5.1:
  version "0.5.2"
  resolved "https://registry.yarnpkg.com/process/-/process-0.5.2.tgz#1638d8a8e34c2f440a91db95ab9aeb677fc185cf"

punycode@2.x.x:
  version "2.1.1"
  resolved "https://registry.yarnpkg.com/punycode/-/punycode-2.1.1.tgz#b58b010ac40c22c5657616c8d2c2c02c7bf479ec"

readable-stream@^2.3.6:
  version "2.3.6"
  resolved "https://registry.yarnpkg.com/readable-stream/-/readable-stream-2.3.6.tgz#b11c27d88b8ff1fbe070643cf94b0c79ae1b0aaf"
  dependencies:
    core-util-is "~1.0.0"
    inherits "~2.0.3"
    isarray "~1.0.0"
    process-nextick-args "~2.0.0"
    safe-buffer "~5.1.1"
    string_decoder "~1.1.1"
    util-deprecate "~1.0.1"

readable-stream@^3.1.1:
  version "3.3.0"
  resolved "https://registry.yarnpkg.com/readable-stream/-/readable-stream-3.3.0.tgz#cb8011aad002eb717bf040291feba8569c986fb9"
  dependencies:
    inherits "^2.0.3"
    string_decoder "^1.1.1"
    util-deprecate "^1.0.1"

safe-buffer@~5.1.0, safe-buffer@~5.1.1:
  version "5.1.2"
  resolved "https://registry.yarnpkg.com/safe-buffer/-/safe-buffer-5.1.2.tgz#991ec69d296e0313747d59bdfd2b745c35f8828d"

simple-swizzle@^0.2.2:
  version "0.2.2"
  resolved "https://registry.yarnpkg.com/simple-swizzle/-/simple-swizzle-0.2.2.tgz#a4da6b635ffcccca33f70d17cb92592de95e557a"
  dependencies:
    is-arrayish "^0.3.1"

stack-trace@0.0.x:
  version "0.0.10"
  resolved "https://registry.yarnpkg.com/stack-trace/-/stack-trace-0.0.10.tgz#547c70b347e8d32b4e108ea1a2a159e5fdde19c0"

string.prototype.trim@^1.1.2:
  version "1.1.2"
  resolved "https://registry.yarnpkg.com/string.prototype.trim/-/string.prototype.trim-1.1.2.tgz#d04de2c89e137f4d7d206f086b5ed2fae6be8cea"
  dependencies:
    define-properties "^1.1.2"
    es-abstract "^1.5.0"
    function-bind "^1.0.2"

string_decoder@^1.1.1:
  version "1.2.0"
  resolved "https://registry.yarnpkg.com/string_decoder/-/string_decoder-1.2.0.tgz#fe86e738b19544afe70469243b2a1ee9240eae8d"
  dependencies:
    safe-buffer "~5.1.0"

string_decoder@~1.1.1:
  version "1.1.1"
  resolved "https://registry.yarnpkg.com/string_decoder/-/string_decoder-1.1.1.tgz#9cf1611ba62685d7030ae9e4ba34149c3af03fc8"
  dependencies:
    safe-buffer "~5.1.0"

tangjs@^0.3.1:
  version "0.3.1"
  resolved "https://registry.yarnpkg.com/tangjs/-/tangjs-0.3.1.tgz#19a9a8dbead4a62af672f8c987ce2bbfe140b811"
  dependencies:
    colors "1.3.2"
    joi "14.0.6"
    lodash "4.17.11"

text-hex@1.0.x:
  version "1.0.0"
  resolved "https://registry.yarnpkg.com/text-hex/-/text-hex-1.0.0.tgz#69dc9c1b17446ee79a92bf5b884bb4b9127506f5"

topo@3.x.x:
  version "3.0.3"
  resolved "https://registry.yarnpkg.com/topo/-/topo-3.0.3.tgz#d5a67fb2e69307ebeeb08402ec2a2a6f5f7ad95c"
  dependencies:
    hoek "6.x.x"

total.js@^3.2.4:
  version "3.2.4"
  resolved "https://registry.yarnpkg.com/total.js/-/total.js-3.2.4.tgz#656cdec1a804a3cda4cb3b26a65825116a6ba0ba"

triple-beam@^1.2.0, triple-beam@^1.3.0:
  version "1.3.0"
  resolved "https://registry.yarnpkg.com/triple-beam/-/triple-beam-1.3.0.tgz#a595214c7298db8339eeeee083e4d10bd8cb8dd9"

uniqid@^5.0.3:
  version "5.0.3"
  resolved "https://registry.yarnpkg.com/uniqid/-/uniqid-5.0.3.tgz#917968310edc868d50df6c44f783f32c7d80fac1"

util-deprecate@^1.0.1, util-deprecate@~1.0.1:
  version "1.0.2"
  resolved "https://registry.yarnpkg.com/util-deprecate/-/util-deprecate-1.0.2.tgz#450d4dc9fa70de732762fbd2d4a28981419a0ccf"

winston-transport@^4.3.0:
  version "4.3.0"
  resolved "https://registry.yarnpkg.com/winston-transport/-/winston-transport-4.3.0.tgz#df68c0c202482c448d9b47313c07304c2d7c2c66"
  dependencies:
    readable-stream "^2.3.6"
    triple-beam "^1.2.0"

winston@^3.1.0:
  version "3.2.1"
  resolved "https://registry.yarnpkg.com/winston/-/winston-3.2.1.tgz#63061377976c73584028be2490a1846055f77f07"
  dependencies:
    async "^2.6.1"
    diagnostics "^1.1.1"
    is-stream "^1.1.0"
    logform "^2.1.1"
    one-time "0.0.4"
    readable-stream "^3.1.1"
    stack-trace "0.0.x"
    triple-beam "^1.3.0"
    winston-transport "^4.3.0"

xhr@^2.4.1:
  version "2.5.0"
  resolved "https://registry.yarnpkg.com/xhr/-/xhr-2.5.0.tgz#bed8d1676d5ca36108667692b74b316c496e49dd"
  dependencies:
    global "~4.3.0"
    is-function "^1.0.1"
    parse-headers "^2.0.0"
    xtend "^4.0.0"

xtend@^4.0.0:
  version "4.0.1"
  resolved "https://registry.yarnpkg.com/xtend/-/xtend-4.0.1.tgz#a5c6d532be656e23db820efb943a1f04998d63af"
